--extra-index-url https://pypi.ngc.nvidia.com

ai-edge-litert==2.1.6
h5py==3.11.0
ml-dtypes==0.5.1
numpy==1.26.4
onnx==1.17.0
onnx-graphsurgeon==0.5.8
onnxruntime==1.18.1
onnxsim==0.4.33
onnx2tf==1.28.2
protobuf==4.25.5
psutil==5.9.5
pytest==8.3.4
simple-onnx-processing-tools==1.1.32
tensorflow==2.19.0
tf-keras==2.19.0
